
Microsoft Visual Studio Solution File, Format Version 12.00
# Visual Studio Version 16
VisualStudioVersion = 16.0.29519.87
MinimumVisualStudioVersion = 10.0.40219.1
Project("{FAE04EC0-301F-11D3-BF4B-00C04F79EFBC}") = "AdvOfCode2019", "AdvOfCode2019\AdvOfCode2019.csproj", "{2CECA693-2DED-4132-A595-750884D307DA}"
EndProject
Global
	GlobalSection(SolutionConfigurationPlatforms) = preSolution
		Debug|Any CPU = Debug|Any CPU
		Release|Any CPU = Release|Any CPU
	EndGlobalSection
	GlobalSection(ProjectConfigurationPlatforms) = postSolution
		{2CECA693-2DED-4132-A595-750884D307DA}.Debug|Any CPU.ActiveCfg = Debug|Any CPU
		{2CECA693-2DED-4132-A595-750884D307DA}.Debug|Any CPU.Build.0 = Debug|Any CPU
		{2CECA693-2DED-4132-A595-750884D307DA}.Release|Any CPU.ActiveCfg = Release|Any CPU
		{2CECA693-2DED-4132-A595-750884D307DA}.Release|Any CPU.Build.0 = Release|Any CPU
	EndGlobalSection
	GlobalSection(SolutionProperties) = preSolution
		HideSolutionNode = FALSE
	EndGlobalSection
	GlobalSection(ExtensibilityGlobals) = postSolution
		SolutionGuid = {F2041B1B-B532-4CE5-B7EB-DDA91B854C49}
	EndGlobalSection
EndGlobal
